// !$*UTF8*$!
{
	archiveVersion = 1;
	classes = {
	};
	objectVersion = 46;
	objects = {

/* Begin PBXBuildFile section */
		073604201864F2D500D8586A /* AdSupport.framework in Frameworks */ = {isa = PBXBuildFile; fileRef = 0736041F1864F2D500D8586A /* AdSupport.framework */; };
		07387BDE17CC20D100F54866 /* BFExampleBViewController.m in Sources */ = {isa = PBXBuildFile; fileRef = 07387BDD17CC20D100F54866 /* BFExampleBViewController.m */; };
		07E15F4117CFE5BA00DBA823 /* BFIOSDK.framework in Frameworks */ = {isa = PBXBuildFile; fileRef = 07E15F3E17CFE5B200DBA823 /* BFIOSDK.framework */; };
		07F43F8E17CADBC90014F504 /* example.m4v in Resources */ = {isa = PBXBuildFile; fileRef = 07F43F8D17CADBBA0014F504 /* example.m4v */; };
		5F27EC8A1739499900CC0286 /* UIKit.framework in Frameworks */ = {isa = PBXBuildFile; fileRef = 5F27EC891739499900CC0286 /* UIKit.framework */; };
		5F27EC8C1739499900CC0286 /* Foundation.framework in Frameworks */ = {isa = PBXBuildFile; fileRef = 5F27EC8B1739499900CC0286 /* Foundation.framework */; };
		5F27EC8E1739499900CC0286 /* CoreGraphics.framework in Frameworks */ = {isa = PBXBuildFile; fileRef = 5F27EC8D1739499900CC0286 /* CoreGraphics.framework */; };
		5F27EC941739499900CC0286 /* InfoPlist.strings in Resources */ = {isa = PBXBuildFile; fileRef = 5F27EC921739499900CC0286 /* InfoPlist.strings */; };
		5F27EC961739499900CC0286 /* main.m in Sources */ = {isa = PBXBuildFile; fileRef = 5F27EC951739499900CC0286 /* main.m */; };
		5F27EC9A1739499900CC0286 /* BFMAppDelegate.m in Sources */ = {isa = PBXBuildFile; fileRef = 5F27EC991739499900CC0286 /* BFMAppDelegate.m */; };
		5F27EC9C1739499900CC0286 /* Default.png in Resources */ = {isa = PBXBuildFile; fileRef = 5F27EC9B1739499900CC0286 /* Default.png */; };
		5F27EC9E1739499900CC0286 /* Default@2x.png in Resources */ = {isa = PBXBuildFile; fileRef = 5F27EC9D1739499900CC0286 /* Default@2x.png */; };
		5F27ECA01739499900CC0286 /* Default-568h@2x.png in Resources */ = {isa = PBXBuildFile; fileRef = 5F27EC9F1739499900CC0286 /* Default-568h@2x.png */; };
		5F27ECA31739499900CC0286 /* MainStoryboard_iPhone.storyboard in Resources */ = {isa = PBXBuildFile; fileRef = 5F27ECA11739499900CC0286 /* MainStoryboard_iPhone.storyboard */; };
		5F27ECA61739499900CC0286 /* MainStoryboard_iPad.storyboard in Resources */ = {isa = PBXBuildFile; fileRef = 5F27ECA41739499900CC0286 /* MainStoryboard_iPad.storyboard */; };
		5F27ECA91739499900CC0286 /* BFExampleAViewController.m in Sources */ = {isa = PBXBuildFile; fileRef = 5F27ECA81739499900CC0286 /* BFExampleAViewController.m */; };
		5F27ECE91739E69100CC0286 /* MediaPlayer.framework in Frameworks */ = {isa = PBXBuildFile; fileRef = 5F27ECE81739E69100CC0286 /* MediaPlayer.framework */; };
		772F76AE1A1A4BB2002D36AA /* BFIOSDK.bundle in Resources */ = {isa = PBXBuildFile; fileRef = 772F76AD1A1A4BB2002D36AA /* BFIOSDK.bundle */; };
		7766A4271ECD8A03001C3F6D /* main.m in Sources */ = {isa = PBXBuildFile; fileRef = 7766A4261ECD8A03001C3F6D /* main.m */; };
		7766A42A1ECD8A03001C3F6D /* AppDelegate.m in Sources */ = {isa = PBXBuildFile; fileRef = 7766A4291ECD8A03001C3F6D /* AppDelegate.m */; };
		7766A42D1ECD8A03001C3F6D /* ViewController.m in Sources */ = {isa = PBXBuildFile; fileRef = 7766A42C1ECD8A03001C3F6D /* ViewController.m */; };
		7766A4301ECD8A03001C3F6D /* Main.storyboard in Resources */ = {isa = PBXBuildFile; fileRef = 7766A42E1ECD8A03001C3F6D /* Main.storyboard */; };
		7766A4321ECD8A03001C3F6D /* Assets.xcassets in Resources */ = {isa = PBXBuildFile; fileRef = 7766A4311ECD8A03001C3F6D /* Assets.xcassets */; };
		7766A4381ECD9A2A001C3F6D /* BFIOTVSDK.framework in Frameworks */ = {isa = PBXBuildFile; fileRef = 7766A4371ECD9A2A001C3F6D /* BFIOTVSDK.framework */; };
		7766A43C1ECDAD4B001C3F6D /* PlayerViewController.m in Sources */ = {isa = PBXBuildFile; fileRef = 7766A43B1ECDAD4B001C3F6D /* PlayerViewController.m */; };
		7766A43E1ECDC6A9001C3F6D /* BFIOTVSDK.framework in Frameworks */ = {isa = PBXBuildFile; fileRef = 7766A4371ECD9A2A001C3F6D /* BFIOTVSDK.framework */; };
		776A4D6C1D82D39200840483 /* BFExampleCViewController.m in Sources */ = {isa = PBXBuildFile; fileRef = 776A4D6B1D82D39200840483 /* BFExampleCViewController.m */; };
/* End PBXBuildFile section */

/* Begin PBXFileReference section */
		0736041F1864F2D500D8586A /* AdSupport.framework */ = {isa = PBXFileReference; lastKnownFileType = wrapper.framework; name = AdSupport.framework; path = System/Library/Frameworks/AdSupport.framework; sourceTree = SDKROOT; };
		07387BDC17CC20D100F54866 /* BFExampleBViewController.h */ = {isa = PBXFileReference; fileEncoding = 4; lastKnownFileType = sourcecode.c.h; path = BFExampleBViewController.h; sourceTree = "<group>"; };
		07387BDD17CC20D100F54866 /* BFExampleBViewController.m */ = {isa = PBXFileReference; fileEncoding = 4; lastKnownFileType = sourcecode.c.objc; path = BFExampleBViewController.m; sourceTree = "<group>"; };
		07E15F3E17CFE5B200DBA823 /* BFIOSDK.framework */ = {isa = PBXFileReference; lastKnownFileType = wrapper.framework; path = BFIOSDK.framework; sourceTree = "<group>"; };
		07F43F8D17CADBBA0014F504 /* example.m4v */ = {isa = PBXFileReference; lastKnownFileType = file; path = example.m4v; sourceTree = "<group>"; };
		5F27EC861739499900CC0286 /* BFIOSDKExample.app */ = {isa = PBXFileReference; explicitFileType = wrapper.application; includeInIndex = 0; path = BFIOSDKExample.app; sourceTree = BUILT_PRODUCTS_DIR; };
		5F27EC891739499900CC0286 /* UIKit.framework */ = {isa = PBXFileReference; lastKnownFileType = wrapper.framework; name = UIKit.framework; path = System/Library/Frameworks/UIKit.framework; sourceTree = SDKROOT; };
		5F27EC8B1739499900CC0286 /* Foundation.framework */ = {isa = PBXFileReference; lastKnownFileType = wrapper.framework; name = Foundation.framework; path = System/Library/Frameworks/Foundation.framework; sourceTree = SDKROOT; };
		5F27EC8D1739499900CC0286 /* CoreGraphics.framework */ = {isa = PBXFileReference; lastKnownFileType = wrapper.framework; name = CoreGraphics.framework; path = System/Library/Frameworks/CoreGraphics.framework; sourceTree = SDKROOT; };
		5F27EC911739499900CC0286 /* BFIOSDKExample-Info.plist */ = {isa = PBXFileReference; lastKnownFileType = text.plist.xml; path = "BFIOSDKExample-Info.plist"; sourceTree = "<group>"; };
		5F27EC931739499900CC0286 /* en */ = {isa = PBXFileReference; lastKnownFileType = text.plist.strings; name = en; path = en.lproj/InfoPlist.strings; sourceTree = "<group>"; };
		5F27EC951739499900CC0286 /* main.m */ = {isa = PBXFileReference; lastKnownFileType = sourcecode.c.objc; path = main.m; sourceTree = "<group>"; };
		5F27EC971739499900CC0286 /* BFIOSDKExample-Prefix.pch */ = {isa = PBXFileReference; lastKnownFileType = sourcecode.c.h; path = "BFIOSDKExample-Prefix.pch"; sourceTree = "<group>"; };
		5F27EC981739499900CC0286 /* BFMAppDelegate.h */ = {isa = PBXFileReference; lastKnownFileType = sourcecode.c.h; path = BFMAppDelegate.h; sourceTree = "<group>"; };
		5F27EC991739499900CC0286 /* BFMAppDelegate.m */ = {isa = PBXFileReference; lastKnownFileType = sourcecode.c.objc; path = BFMAppDelegate.m; sourceTree = "<group>"; };
		5F27EC9B1739499900CC0286 /* Default.png */ = {isa = PBXFileReference; lastKnownFileType = image.png; path = Default.png; sourceTree = "<group>"; };
		5F27EC9D1739499900CC0286 /* Default@2x.png */ = {isa = PBXFileReference; lastKnownFileType = image.png; path = "Default@2x.png"; sourceTree = "<group>"; };
		5F27EC9F1739499900CC0286 /* Default-568h@2x.png */ = {isa = PBXFileReference; lastKnownFileType = image.png; path = "Default-568h@2x.png"; sourceTree = "<group>"; };
		5F27ECA21739499900CC0286 /* en */ = {isa = PBXFileReference; lastKnownFileType = file.storyboard; name = en; path = en.lproj/MainStoryboard_iPhone.storyboard; sourceTree = "<group>"; };
		5F27ECA51739499900CC0286 /* en */ = {isa = PBXFileReference; lastKnownFileType = file.storyboard; name = en; path = en.lproj/MainStoryboard_iPad.storyboard; sourceTree = "<group>"; };
		5F27ECA71739499900CC0286 /* BFExampleAViewController.h */ = {isa = PBXFileReference; lastKnownFileType = sourcecode.c.h; path = BFExampleAViewController.h; sourceTree = "<group>"; };
		5F27ECA81739499900CC0286 /* BFExampleAViewController.m */ = {isa = PBXFileReference; lastKnownFileType = sourcecode.c.objc; path = BFExampleAViewController.m; sourceTree = "<group>"; };
		5F27ECE81739E69100CC0286 /* MediaPlayer.framework */ = {isa = PBXFileReference; lastKnownFileType = wrapper.framework; name = MediaPlayer.framework; path = System/Library/Frameworks/MediaPlayer.framework; sourceTree = SDKROOT; };
		772F76AD1A1A4BB2002D36AA /* BFIOSDK.bundle */ = {isa = PBXFileReference; lastKnownFileType = "wrapper.plug-in"; path = BFIOSDK.bundle; sourceTree = "<group>"; };
		7766A4231ECD8A02001C3F6D /* BFIOTVSDKExample.app */ = {isa = PBXFileReference; explicitFileType = wrapper.application; includeInIndex = 0; path = BFIOTVSDKExample.app; sourceTree = BUILT_PRODUCTS_DIR; };
		7766A4261ECD8A03001C3F6D /* main.m */ = {isa = PBXFileReference; lastKnownFileType = sourcecode.c.objc; path = main.m; sourceTree = "<group>"; };
		7766A4281ECD8A03001C3F6D /* AppDelegate.h */ = {isa = PBXFileReference; lastKnownFileType = sourcecode.c.h; path = AppDelegate.h; sourceTree = "<group>"; };
		7766A4291ECD8A03001C3F6D /* AppDelegate.m */ = {isa = PBXFileReference; lastKnownFileType = sourcecode.c.objc; path = AppDelegate.m; sourceTree = "<group>"; };
		7766A42B1ECD8A03001C3F6D /* ViewController.h */ = {isa = PBXFileReference; lastKnownFileType = sourcecode.c.h; path = ViewController.h; sourceTree = "<group>"; };
		7766A42C1ECD8A03001C3F6D /* ViewController.m */ = {isa = PBXFileReference; lastKnownFileType = sourcecode.c.objc; path = ViewController.m; sourceTree = "<group>"; };
		7766A42F1ECD8A03001C3F6D /* Base */ = {isa = PBXFileReference; lastKnownFileType = file.storyboard; name = Base; path = Base.lproj/Main.storyboard; sourceTree = "<group>"; };
		7766A4311ECD8A03001C3F6D /* Assets.xcassets */ = {isa = PBXFileReference; lastKnownFileType = folder.assetcatalog; path = Assets.xcassets; sourceTree = "<group>"; };
		7766A4331ECD8A03001C3F6D /* Info.plist */ = {isa = PBXFileReference; lastKnownFileType = text.plist.xml; path = Info.plist; sourceTree = "<group>"; };
		7766A4371ECD9A2A001C3F6D /* BFIOTVSDK.framework */ = {isa = PBXFileReference; lastKnownFileType = wrapper.framework; path = BFIOTVSDK.framework; sourceTree = "<group>"; };
		7766A43A1ECDAD4B001C3F6D /* PlayerViewController.h */ = {isa = PBXFileReference; fileEncoding = 4; lastKnownFileType = sourcecode.c.h; path = PlayerViewController.h; sourceTree = "<group>"; };
		7766A43B1ECDAD4B001C3F6D /* PlayerViewController.m */ = {isa = PBXFileReference; fileEncoding = 4; lastKnownFileType = sourcecode.c.objc; path = PlayerViewController.m; sourceTree = "<group>"; };
		776A4D6A1D82D39200840483 /* BFExampleCViewController.h */ = {isa = PBXFileReference; fileEncoding = 4; lastKnownFileType = sourcecode.c.h; path = BFExampleCViewController.h; sourceTree = "<group>"; };
		776A4D6B1D82D39200840483 /* BFExampleCViewController.m */ = {isa = PBXFileReference; fileEncoding = 4; lastKnownFileType = sourcecode.c.objc; path = BFExampleCViewController.m; sourceTree = "<group>"; };
/* End PBXFileReference section */

/* Begin PBXFrameworksBuildPhase section */
		5F27EC831739499900CC0286 /* Frameworks */ = {
			isa = PBXFrameworksBuildPhase;
			buildActionMask = 2147483647;
			files = (
				073604201864F2D500D8586A /* AdSupport.framework in Frameworks */,
				07E15F4117CFE5BA00DBA823 /* BFIOSDK.framework in Frameworks */,
				7766A4381ECD9A2A001C3F6D /* BFIOTVSDK.framework in Frameworks */,
				5F27ECE91739E69100CC0286 /* MediaPlayer.framework in Frameworks */,
				5F27EC8A1739499900CC0286 /* UIKit.framework in Frameworks */,
				5F27EC8C1739499900CC0286 /* Foundation.framework in Frameworks */,
				5F27EC8E1739499900CC0286 /* CoreGraphics.framework in Frameworks */,
			);
			runOnlyForDeploymentPostprocessing = 0;
		};
		7766A4201ECD8A02001C3F6D /* Frameworks */ = {
			isa = PBXFrameworksBuildPhase;
			buildActionMask = 2147483647;
			files = (
				7766A43E1ECDC6A9001C3F6D /* BFIOTVSDK.framework in Frameworks */,
			);
			runOnlyForDeploymentPostprocessing = 0;
		};
/* End PBXFrameworksBuildPhase section */

/* Begin PBXGroup section */
		07E15F3D17CFE5B200DBA823 /* BFIOSDK.embeddedframework */ = {
			isa = PBXGroup;
			children = (
				7766A4371ECD9A2A001C3F6D /* BFIOTVSDK.framework */,
				772F76AD1A1A4BB2002D36AA /* BFIOSDK.bundle */,
				07E15F3E17CFE5B200DBA823 /* BFIOSDK.framework */,
			);
			name = BFIOSDK.embeddedframework;
			path = ../BFIOSDK.embeddedframework;
			sourceTree = "<group>";
		};
		5F27EC7D1739499900CC0286 = {
			isa = PBXGroup;
			children = (
				5F27EC8F1739499900CC0286 /* BFIOSDKExample */,
				7766A4241ECD8A03001C3F6D /* BFIOTVSDKExample */,
				5F27EC881739499900CC0286 /* Frameworks */,
				5F27EC871739499900CC0286 /* Products */,
			);
			sourceTree = "<group>";
		};
		5F27EC871739499900CC0286 /* Products */ = {
			isa = PBXGroup;
			children = (
				5F27EC861739499900CC0286 /* BFIOSDKExample.app */,
				7766A4231ECD8A02001C3F6D /* BFIOTVSDKExample.app */,
			);
			name = Products;
			sourceTree = "<group>";
		};
		5F27EC881739499900CC0286 /* Frameworks */ = {
			isa = PBXGroup;
			children = (
				0736041F1864F2D500D8586A /* AdSupport.framework */,
				07E15F3D17CFE5B200DBA823 /* BFIOSDK.embeddedframework */,
				5F27ECE81739E69100CC0286 /* MediaPlayer.framework */,
				5F27EC891739499900CC0286 /* UIKit.framework */,
				5F27EC8B1739499900CC0286 /* Foundation.framework */,
				5F27EC8D1739499900CC0286 /* CoreGraphics.framework */,
			);
			name = Frameworks;
			sourceTree = "<group>";
		};
		5F27EC8F1739499900CC0286 /* BFIOSDKExample */ = {
			isa = PBXGroup;
			children = (
				07F43F8D17CADBBA0014F504 /* example.m4v */,
				5F27EC981739499900CC0286 /* BFMAppDelegate.h */,
				5F27EC991739499900CC0286 /* BFMAppDelegate.m */,
				5F27ECA11739499900CC0286 /* MainStoryboard_iPhone.storyboard */,
				5F27ECA41739499900CC0286 /* MainStoryboard_iPad.storyboard */,
				5F27ECA71739499900CC0286 /* BFExampleAViewController.h */,
				5F27ECA81739499900CC0286 /* BFExampleAViewController.m */,
				07387BDC17CC20D100F54866 /* BFExampleBViewController.h */,
				07387BDD17CC20D100F54866 /* BFExampleBViewController.m */,
				776A4D6A1D82D39200840483 /* BFExampleCViewController.h */,
				776A4D6B1D82D39200840483 /* BFExampleCViewController.m */,
				5F27EC901739499900CC0286 /* Supporting Files */,
			);
			path = BFIOSDKExample;
			sourceTree = "<group>";
		};
		5F27EC901739499900CC0286 /* Supporting Files */ = {
			isa = PBXGroup;
			children = (
				5F27EC911739499900CC0286 /* BFIOSDKExample-Info.plist */,
				5F27EC921739499900CC0286 /* InfoPlist.strings */,
				5F27EC951739499900CC0286 /* main.m */,
				5F27EC971739499900CC0286 /* BFIOSDKExample-Prefix.pch */,
				5F27EC9B1739499900CC0286 /* Default.png */,
				5F27EC9D1739499900CC0286 /* Default@2x.png */,
				5F27EC9F1739499900CC0286 /* Default-568h@2x.png */,
			);
			name = "Supporting Files";
			sourceTree = "<group>";
		};
		7766A4241ECD8A03001C3F6D /* BFIOTVSDKExample */ = {
			isa = PBXGroup;
			children = (
				7766A43A1ECDAD4B001C3F6D /* PlayerViewController.h */,
				7766A43B1ECDAD4B001C3F6D /* PlayerViewController.m */,
				7766A4281ECD8A03001C3F6D /* AppDelegate.h */,
				7766A4291ECD8A03001C3F6D /* AppDelegate.m */,
				7766A42B1ECD8A03001C3F6D /* ViewController.h */,
				7766A42C1ECD8A03001C3F6D /* ViewController.m */,
				7766A42E1ECD8A03001C3F6D /* Main.storyboard */,
				7766A4311ECD8A03001C3F6D /* Assets.xcassets */,
				7766A4331ECD8A03001C3F6D /* Info.plist */,
				7766A4251ECD8A03001C3F6D /* Supporting Files */,
			);
			path = BFIOTVSDKExample;
			sourceTree = "<group>";
		};
		7766A4251ECD8A03001C3F6D /* Supporting Files */ = {
			isa = PBXGroup;
			children = (
				7766A4261ECD8A03001C3F6D /* main.m */,
			);
			name = "Supporting Files";
			sourceTree = "<group>";
		};
/* End PBXGroup section */

/* Begin PBXNativeTarget section */
		5F27EC851739499900CC0286 /* BFIOSDKExample */ = {
			isa = PBXNativeTarget;
			buildConfigurationList = 5F27ECAC1739499900CC0286 /* Build configuration list for PBXNativeTarget "BFIOSDKExample" */;
			buildPhases = (
				5F27EC821739499900CC0286 /* Sources */,
				5F27EC831739499900CC0286 /* Frameworks */,
				5F27EC841739499900CC0286 /* Resources */,
			);
			buildRules = (
			);
			dependencies = (
			);
			name = BFIOSDKExample;
			productName = BFIOSDKExample;
			productReference = 5F27EC861739499900CC0286 /* BFIOSDKExample.app */;
			productType = "com.apple.product-type.application";
		};
		7766A4221ECD8A02001C3F6D /* BFIOTVSDKExample */ = {
			isa = PBXNativeTarget;
			buildConfigurationList = 7766A4341ECD8A03001C3F6D /* Build configuration list for PBXNativeTarget "BFIOTVSDKExample" */;
			buildPhases = (
				7766A41F1ECD8A02001C3F6D /* Sources */,
				7766A4201ECD8A02001C3F6D /* Frameworks */,
				7766A4211ECD8A02001C3F6D /* Resources */,
			);
			buildRules = (
			);
			dependencies = (
			);
			name = BFIOTVSDKExample;
			productName = BFIOTVSDKExample;
			productReference = 7766A4231ECD8A02001C3F6D /* BFIOTVSDKExample.app */;
			productType = "com.apple.product-type.application";
		};
/* End PBXNativeTarget section */

/* Begin PBXProject section */
		5F27EC7E1739499900CC0286 /* Project object */ = {
			isa = PBXProject;
			attributes = {
				CLASSPREFIX = BFM;
				LastUpgradeCheck = 0460;
				ORGANIZATIONNAME = "Beachfront Media, LLC.";
				TargetAttributes = {
					7766A4221ECD8A02001C3F6D = {
						CreatedOnToolsVersion = 8.3.2;
						ProvisioningStyle = Automatic;
					};
				};
			};
			buildConfigurationList = 5F27EC811739499900CC0286 /* Build configuration list for PBXProject "BFIOSDKExample" */;
			compatibilityVersion = "Xcode 3.2";
			developmentRegion = English;
			hasScannedForEncodings = 0;
			knownRegions = (
				en,
				Base,
			);
			mainGroup = 5F27EC7D1739499900CC0286;
			productRefGroup = 5F27EC871739499900CC0286 /* Products */;
			projectDirPath = "";
			projectRoot = "";
			targets = (
				5F27EC851739499900CC0286 /* BFIOSDKExample */,
				7766A4221ECD8A02001C3F6D /* BFIOTVSDKExample */,
			);
		};
/* End PBXProject section */

/* Begin PBXResourcesBuildPhase section */
		5F27EC841739499900CC0286 /* Resources */ = {
			isa = PBXResourcesBuildPhase;
			buildActionMask = 2147483647;
			files = (
				772F76AE1A1A4BB2002D36AA /* BFIOSDK.bundle in Resources */,
				5F27EC941739499900CC0286 /* InfoPlist.strings in Resources */,
				5F27EC9C1739499900CC0286 /* Default.png in Resources */,
				5F27EC9E1739499900CC0286 /* Default@2x.png in Resources */,
				5F27ECA01739499900CC0286 /* Default-568h@2x.png in Resources */,
				5F27ECA31739499900CC0286 /* MainStoryboard_iPhone.storyboard in Resources */,
				5F27ECA61739499900CC0286 /* MainStoryboard_iPad.storyboard in Resources */,
				07F43F8E17CADBC90014F504 /* example.m4v in Resources */,
			);
			runOnlyForDeploymentPostprocessing = 0;
		};
		7766A4211ECD8A02001C3F6D /* Resources */ = {
			isa = PBXResourcesBuildPhase;
			buildActionMask = 2147483647;
			files = (
				7766A4321ECD8A03001C3F6D /* Assets.xcassets in Resources */,
				7766A4301ECD8A03001C3F6D /* Main.storyboard in Resources */,
			);
			runOnlyForDeploymentPostprocessing = 0;
		};
/* End PBXResourcesBuildPhase section */

/* Begin PBXSourcesBuildPhase section */
		5F27EC821739499900CC0286 /* Sources */ = {
			isa = PBXSourcesBuildPhase;
			buildActionMask = 2147483647;
			files = (
				5F27EC961739499900CC0286 /* main.m in Sources */,
				5F27EC9A1739499900CC0286 /* BFMAppDelegate.m in Sources */,
				776A4D6C1D82D39200840483 /* BFExampleCViewController.m in Sources */,
				5F27ECA91739499900CC0286 /* BFExampleAViewController.m in Sources */,
				07387BDE17CC20D100F54866 /* BFExampleBViewController.m in Sources */,
			);
			runOnlyForDeploymentPostprocessing = 0;
		};
		7766A41F1ECD8A02001C3F6D /* Sources */ = {
			isa = PBXSourcesBuildPhase;
			buildActionMask = 2147483647;
			files = (
				7766A42D1ECD8A03001C3F6D /* ViewController.m in Sources */,
				7766A43C1ECDAD4B001C3F6D /* PlayerViewController.m in Sources */,
				7766A42A1ECD8A03001C3F6D /* AppDelegate.m in Sources */,
				7766A4271ECD8A03001C3F6D /* main.m in Sources */,
			);
			runOnlyForDeploymentPostprocessing = 0;
		};
/* End PBXSourcesBuildPhase section */

/* Begin PBXVariantGroup section */
		5F27EC921739499900CC0286 /* InfoPlist.strings */ = {
			isa = PBXVariantGroup;
			children = (
				5F27EC931739499900CC0286 /* en */,
			);
			name = InfoPlist.strings;
			sourceTree = "<group>";
		};
		5F27ECA11739499900CC0286 /* MainStoryboard_iPhone.storyboard */ = {
			isa = PBXVariantGroup;
			children = (
				5F27ECA21739499900CC0286 /* en */,
			);
			name = MainStoryboard_iPhone.storyboard;
			sourceTree = "<group>";
		};
		5F27ECA41739499900CC0286 /* MainStoryboard_iPad.storyboard */ = {
			isa = PBXVariantGroup;
			children = (
				5F27ECA51739499900CC0286 /* en */,
			);
			name = MainStoryboard_iPad.storyboard;
			sourceTree = "<group>";
		};
		7766A42E1ECD8A03001C3F6D /* Main.storyboard */ = {
			isa = PBXVariantGroup;
			children = (
				7766A42F1ECD8A03001C3F6D /* Base */,
			);
			name = Main.storyboard;
			sourceTree = "<group>";
		};
/* End PBXVariantGroup section */

/* Begin XCBuildConfiguration section */
		5F27ECAA1739499900CC0286 /* Debug */ = {
			isa = XCBuildConfiguration;
			buildSettings = {
				ALWAYS_SEARCH_USER_PATHS = NO;
				CLANG_CXX_LANGUAGE_STANDARD = "gnu++0x";
				CLANG_CXX_LIBRARY = "libc++";
				CLANG_ENABLE_OBJC_ARC = YES;
				CLANG_WARN_CONSTANT_CONVERSION = YES;
				CLANG_WARN_EMPTY_BODY = YES;
				CLANG_WARN_ENUM_CONVERSION = YES;
				CLANG_WARN_INT_CONVERSION = YES;
				CLANG_WARN__DUPLICATE_METHOD_MATCH = YES;
				CODE_SIGN_IDENTITY = "iPhone Developer: Eric Turner (6497SZZWWX)";
				"CODE_SIGN_IDENTITY[sdk=iphoneos*]" = "iPhone Developer";
				COPY_PHASE_STRIP = NO;
				GCC_C_LANGUAGE_STANDARD = gnu99;
				GCC_DYNAMIC_NO_PIC = NO;
				GCC_OPTIMIZATION_LEVEL = 0;
				GCC_PREPROCESSOR_DEFINITIONS = (
					"DEBUG=1",
					"$(inherited)",
				);
				GCC_SYMBOLS_PRIVATE_EXTERN = NO;
				GCC_WARN_ABOUT_RETURN_TYPE = YES;
				GCC_WARN_UNINITIALIZED_AUTOS = YES;
				GCC_WARN_UNUSED_VARIABLE = YES;
				IPHONEOS_DEPLOYMENT_TARGET = 6.1;
				ONLY_ACTIVE_ARCH = YES;
				PROVISIONING_PROFILE = "B030091B-80F2-4717-BA9D-4A3833144736";
				SDKROOT = iphoneos;
				TARGETED_DEVICE_FAMILY = "1,2";
			};
			name = Debug;
		};
		5F27ECAB1739499900CC0286 /* Release */ = {
			isa = XCBuildConfiguration;
			buildSettings = {
				ALWAYS_SEARCH_USER_PATHS = NO;
				CLANG_CXX_LANGUAGE_STANDARD = "gnu++0x";
				CLANG_CXX_LIBRARY = "libc++";
				CLANG_ENABLE_OBJC_ARC = YES;
				CLANG_WARN_CONSTANT_CONVERSION = YES;
				CLANG_WARN_EMPTY_BODY = YES;
				CLANG_WARN_ENUM_CONVERSION = YES;
				CLANG_WARN_INT_CONVERSION = YES;
				CLANG_WARN__DUPLICATE_METHOD_MATCH = YES;
				CODE_SIGN_IDENTITY = "iPhone Developer: Eric Turner (6497SZZWWX)";
				"CODE_SIGN_IDENTITY[sdk=iphoneos*]" = "iPhone Developer";
				COPY_PHASE_STRIP = YES;
				GCC_C_LANGUAGE_STANDARD = gnu99;
				GCC_WARN_ABOUT_RETURN_TYPE = YES;
				GCC_WARN_UNINITIALIZED_AUTOS = YES;
				GCC_WARN_UNUSED_VARIABLE = YES;
				IPHONEOS_DEPLOYMENT_TARGET = 6.1;
				OTHER_CFLAGS = "-DNS_BLOCK_ASSERTIONS=1";
				PROVISIONING_PROFILE = "B030091B-80F2-4717-BA9D-4A3833144736";
				SDKROOT = iphoneos;
				TARGETED_DEVICE_FAMILY = "1,2";
				VALIDATE_PRODUCT = YES;
			};
			name = Release;
		};
		5F27ECAD1739499900CC0286 /* Debug */ = {
			isa = XCBuildConfiguration;
			buildSettings = {
				CODE_SIGN_IDENTITY = "iPhone Developer";
				"CODE_SIGN_IDENTITY[sdk=iphoneos*]" = "iPhone Developer";
				DEVELOPMENT_TEAM = "";
				FRAMEWORK_SEARCH_PATHS = (
					"$(inherited)",
					"\"$(SRCROOT)/../BFIOSDK.embeddedframework\"",
				);
				GCC_PRECOMPILE_PREFIX_HEADER = YES;
				GCC_PREFIX_HEADER = "BFIOSDKExample/BFIOSDKExample-Prefix.pch";
				INFOPLIST_FILE = "BFIOSDKExample/BFIOSDKExample-Info.plist";
				IPHONEOS_DEPLOYMENT_TARGET = 6.0;
				OTHER_LDFLAGS = "-ObjC";
				PRODUCT_BUNDLE_IDENTIFIER = com.bfmedia.test;
				PRODUCT_NAME = "$(TARGET_NAME)";
				PROVISIONING_PROFILE = "";
				"PROVISIONING_PROFILE[sdk=iphoneos*]" = "";
				WRAPPER_EXTENSION = app;
			};
			name = Debug;
		};
		5F27ECAE1739499900CC0286 /* Release */ = {
			isa = XCBuildConfiguration;
			buildSettings = {
				CODE_SIGN_IDENTITY = "iPhone Distribution";
				"CODE_SIGN_IDENTITY[sdk=iphoneos*]" = "iPhone Distribution";
				DEVELOPMENT_TEAM = "";
				FRAMEWORK_SEARCH_PATHS = (
					"$(inherited)",
					"\"$(SRCROOT)/../BFIOSDK.embeddedframework\"",
				);
				GCC_PRECOMPILE_PREFIX_HEADER = YES;
				GCC_PREFIX_HEADER = "BFIOSDKExample/BFIOSDKExample-Prefix.pch";
				INFOPLIST_FILE = "BFIOSDKExample/BFIOSDKExample-Info.plist";
				IPHONEOS_DEPLOYMENT_TARGET = 6.0;
				OTHER_LDFLAGS = "-ObjC";
				PRODUCT_BUNDLE_IDENTIFIER = com.bfmedia.test;
				PRODUCT_NAME = "$(TARGET_NAME)";
				PROVISIONING_PROFILE = "";
				"PROVISIONING_PROFILE[sdk=iphoneos*]" = "";
				WRAPPER_EXTENSION = app;
			};
			name = Release;
		};
		7766A4351ECD8A03001C3F6D /* Debug */ = {
			isa = XCBuildConfiguration;
			buildSettings = {
				ASSETCATALOG_COMPILER_APPICON_NAME = "App Icon & Top Shelf Image";
				ASSETCATALOG_COMPILER_LAUNCHIMAGE_NAME = LaunchImage;
				CLANG_ANALYZER_NONNULL = YES;
				CLANG_ANALYZER_NUMBER_OBJECT_CONVERSION = YES_AGGRESSIVE;
				CLANG_ENABLE_MODULES = YES;
				CLANG_WARN_BOOL_CONVERSION = YES;
				CLANG_WARN_DIRECT_OBJC_ISA_USAGE = YES_ERROR;
				CLANG_WARN_DOCUMENTATION_COMMENTS = YES;
				CLANG_WARN_INFINITE_RECURSION = YES;
				CLANG_WARN_OBJC_ROOT_CLASS = YES_ERROR;
				CLANG_WARN_SUSPICIOUS_MOVE = YES;
				CLANG_WARN_UNREACHABLE_CODE = YES;
				"CODE_SIGN_IDENTITY[sdk=appletvos*]" = "iPhone Developer";
				DEBUG_INFORMATION_FORMAT = dwarf;
				DEVELOPMENT_TEAM = "";
				ENABLE_STRICT_OBJC_MSGSEND = YES;
				ENABLE_TESTABILITY = YES;
				FRAMEWORK_SEARCH_PATHS = "\"$(SRCROOT)/../BFIOSDK.embeddedframework\"";
				GCC_NO_COMMON_BLOCKS = YES;
				GCC_WARN_64_TO_32_BIT_CONVERSION = YES;
				GCC_WARN_ABOUT_RETURN_TYPE = YES_ERROR;
				GCC_WARN_UNDECLARED_SELECTOR = YES;
				GCC_WARN_UNINITIALIZED_AUTOS = YES_AGGRESSIVE;
				GCC_WARN_UNUSED_FUNCTION = YES;
				INFOPLIST_FILE = BFIOTVSDKExample/Info.plist;
				LD_RUNPATH_SEARCH_PATHS = "$(inherited) @executable_path/Frameworks";
				MTL_ENABLE_DEBUG_INFO = YES;
				OTHER_LDFLAGS = "-ObjC";
				PRODUCT_BUNDLE_IDENTIFIER = com.bfmedia.test;
				PRODUCT_NAME = "$(TARGET_NAME)";
				PROVISIONING_PROFILE = "";
				PROVISIONING_PROFILE_SPECIFIER = "";
				SDKROOT = appletvos;
				TARGETED_DEVICE_FAMILY = 3;
				TVOS_DEPLOYMENT_TARGET = 10.2;
			};
			name = Debug;
		};
		7766A4361ECD8A03001C3F6D /* Release */ = {
			isa = XCBuildConfiguration;
			buildSettings = {
				ASSETCATALOG_COMPILER_APPICON_NAME = "App Icon & Top Shelf Image";
				ASSETCATALOG_COMPILER_LAUNCHIMAGE_NAME = LaunchImage;
				CLANG_ANALYZER_NONNULL = YES;
				CLANG_ANALYZER_NUMBER_OBJECT_CONVERSION = YES_AGGRESSIVE;
				CLANG_ENABLE_MODULES = YES;
				CLANG_WARN_BOOL_CONVERSION = YES;
				CLANG_WARN_DIRECT_OBJC_ISA_USAGE = YES_ERROR;
				CLANG_WARN_DOCUMENTATION_COMMENTS = YES;
				CLANG_WARN_INFINITE_RECURSION = YES;
				CLANG_WARN_OBJC_ROOT_CLASS = YES_ERROR;
				CLANG_WARN_SUSPICIOUS_MOVE = YES;
				CLANG_WARN_UNREACHABLE_CODE = YES;
				"CODE_SIGN_IDENTITY[sdk=appletvos*]" = "iPhone Developer";
				COPY_PHASE_STRIP = NO;
				DEBUG_INFORMATION_FORMAT = "dwarf-with-dsym";
				DEVELOPMENT_TEAM = "";
				ENABLE_NS_ASSERTIONS = NO;
				ENABLE_STRICT_OBJC_MSGSEND = YES;
				FRAMEWORK_SEARCH_PATHS = "\"$(SRCROOT)/../BFIOSDK.embeddedframework\"";
				GCC_NO_COMMON_BLOCKS = YES;
				GCC_WARN_64_TO_32_BIT_CONVERSION = YES;
				GCC_WARN_ABOUT_RETURN_TYPE = YES_ERROR;
				GCC_WARN_UNDECLARED_SELECTOR = YES;
				GCC_WARN_UNINITIALIZED_AUTOS = YES_AGGRESSIVE;
				GCC_WARN_UNUSED_FUNCTION = YES;
				INFOPLIST_FILE = BFIOTVSDKExample/Info.plist;
				LD_RUNPATH_SEARCH_PATHS = "$(inherited) @executable_path/Frameworks";
				MTL_ENABLE_DEBUG_INFO = NO;
				OTHER_LDFLAGS = "-ObjC";
				PRODUCT_BUNDLE_IDENTIFIER = com.bfmedia.test;
				PRODUCT_NAME = "$(TARGET_NAME)";
				PROVISIONING_PROFILE = "";
				PROVISIONING_PROFILE_SPECIFIER = "";
				SDKROOT = appletvos;
				TARGETED_DEVICE_FAMILY = 3;
				TVOS_DEPLOYMENT_TARGET = 10.2;
			};
			name = Release;
		};
/* End XCBuildConfiguration section */

/* Begin XCConfigurationList section */
		5F27EC811739499900CC0286 /* Build configuration list for PBXProject "BFIOSDKExample" */ = {
			isa = XCConfigurationList;
			buildConfigurations = (
				5F27ECAA1739499900CC0286 /* Debug */,
				5F27ECAB1739499900CC0286 /* Release */,
			);
			defaultConfigurationIsVisible = 0;
			defaultConfigurationName = Release;
		};
		5F27ECAC1739499900CC0286 /* Build configuration list for PBXNativeTarget "BFIOSDKExample" */ = {
			isa = XCConfigurationList;
			buildConfigurations = (
				5F27ECAD1739499900CC0286 /* Debug */,
				5F27ECAE1739499900CC0286 /* Release */,
			);
			defaultConfigurationIsVisible = 0;
			defaultConfigurationName = Release;
		};
		7766A4341ECD8A03001C3F6D /* Build configuration list for PBXNativeTarget "BFIOTVSDKExample" */ = {
			isa = XCConfigurationList;
			buildConfigurations = (
				7766A4351ECD8A03001C3F6D /* Debug */,
				7766A4361ECD8A03001C3F6D /* Release */,
			);
			defaultConfigurationIsVisible = 0;
		};
/* End XCConfigurationList section */
	};
	rootObject = 5F27EC7E1739499900CC0286 /* Project object */;
}
