// !$*UTF8*$!
{
	archiveVersion = 1;
	classes = {
	};
	objectVersion = 46;
	objects = {

/* Begin PBXBuildFile section */
		B60E9E2C174C6BA400C72EF0 /* BFIOSDK.framework in Frameworks */ = {isa = PBXBuildFile; fileRef = B60E9E29174C6BA400C72EF0 /* BFIOSDK.framework */; };
		B60E9E2D174C6BA400C72EF0 /* BFIOSDK.bundle in Resources */ = {isa = PBXBuildFile; fileRef = B60E9E2B174C6BA400C72EF0 /* BFIOSDK.bundle */; };
		B6BDCEA21740F216004A341E /* UIKit.framework in Frameworks */ = {isa = PBXBuildFile; fileRef = B6BDCEA11740F216004A341E /* UIKit.framework */; };
		B6BDCEA41740F21D004A341E /* Foundation.framework in Frameworks */ = {isa = PBXBuildFile; fileRef = B6BDCEA31740F21D004A341E /* Foundation.framework */; };
		B6BDCEA61740F22D004A341E /* MediaPlayer.framework in Frameworks */ = {isa = PBXBuildFile; fileRef = B6BDCEA51740F22D004A341E /* MediaPlayer.framework */; };
		B6BDCED2174197F6004A341E /* CoreGraphics.framework in Frameworks */ = {isa = PBXBuildFile; fileRef = B6BDCED1174197F6004A341E /* CoreGraphics.framework */; };
		B6CA3BFB1740EFAD008691EF /* InfoPlist.strings in Resources */ = {isa = PBXBuildFile; fileRef = B6CA3BF91740EFAD008691EF /* InfoPlist.strings */; };
		B6CA3BFD1740EFAD008691EF /* main.m in Sources */ = {isa = PBXBuildFile; fileRef = B6CA3BFC1740EFAD008691EF /* main.m */; };
		B6CA3C011740EFAD008691EF /* BFAppDelegate.m in Sources */ = {isa = PBXBuildFile; fileRef = B6CA3C001740EFAD008691EF /* BFAppDelegate.m */; };
		B6CA3C031740EFAD008691EF /* Default.png in Resources */ = {isa = PBXBuildFile; fileRef = B6CA3C021740EFAD008691EF /* Default.png */; };
		B6CA3C051740EFAD008691EF /* Default@2x.png in Resources */ = {isa = PBXBuildFile; fileRef = B6CA3C041740EFAD008691EF /* Default@2x.png */; };
		B6CA3C071740EFAD008691EF /* Default-568h@2x.png in Resources */ = {isa = PBXBuildFile; fileRef = B6CA3C061740EFAD008691EF /* Default-568h@2x.png */; };
		B6CA3C0A1740EFAD008691EF /* MainStoryboard_iPhone.storyboard in Resources */ = {isa = PBXBuildFile; fileRef = B6CA3C081740EFAD008691EF /* MainStoryboard_iPhone.storyboard */; };
		B6CA3C0D1740EFAD008691EF /* MainStoryboard_iPad.storyboard in Resources */ = {isa = PBXBuildFile; fileRef = B6CA3C0B1740EFAD008691EF /* MainStoryboard_iPad.storyboard */; };
		B6CA3C101740EFAD008691EF /* BFHomeViewController.m in Sources */ = {isa = PBXBuildFile; fileRef = B6CA3C0F1740EFAD008691EF /* BFHomeViewController.m */; };
/* End PBXBuildFile section */

/* Begin PBXFileReference section */
		B60E9E29174C6BA400C72EF0 /* BFIOSDK.framework */ = {isa = PBXFileReference; lastKnownFileType = wrapper.framework; path = BFIOSDK.framework; sourceTree = "<group>"; };
		B60E9E2B174C6BA400C72EF0 /* BFIOSDK.bundle */ = {isa = PBXFileReference; lastKnownFileType = "wrapper.plug-in"; path = BFIOSDK.bundle; sourceTree = "<group>"; };
		B6BDCEA11740F216004A341E /* UIKit.framework */ = {isa = PBXFileReference; lastKnownFileType = wrapper.framework; name = UIKit.framework; path = System/Library/Frameworks/UIKit.framework; sourceTree = SDKROOT; };
		B6BDCEA31740F21D004A341E /* Foundation.framework */ = {isa = PBXFileReference; lastKnownFileType = wrapper.framework; name = Foundation.framework; path = System/Library/Frameworks/Foundation.framework; sourceTree = SDKROOT; };
		B6BDCEA51740F22D004A341E /* MediaPlayer.framework */ = {isa = PBXFileReference; lastKnownFileType = wrapper.framework; name = MediaPlayer.framework; path = System/Library/Frameworks/MediaPlayer.framework; sourceTree = SDKROOT; };
		B6BDCED1174197F6004A341E /* CoreGraphics.framework */ = {isa = PBXFileReference; lastKnownFileType = wrapper.framework; name = CoreGraphics.framework; path = System/Library/Frameworks/CoreGraphics.framework; sourceTree = SDKROOT; };
		B6CA3BED1740EFAD008691EF /* BFIOSDKExample.app */ = {isa = PBXFileReference; explicitFileType = wrapper.application; includeInIndex = 0; path = BFIOSDKExample.app; sourceTree = BUILT_PRODUCTS_DIR; };
		B6CA3BF81740EFAD008691EF /* BFIOSDKExample-Info.plist */ = {isa = PBXFileReference; lastKnownFileType = text.plist.xml; path = "BFIOSDKExample-Info.plist"; sourceTree = "<group>"; };
		B6CA3BFA1740EFAD008691EF /* en */ = {isa = PBXFileReference; lastKnownFileType = text.plist.strings; name = en; path = en.lproj/InfoPlist.strings; sourceTree = "<group>"; };
		B6CA3BFC1740EFAD008691EF /* main.m */ = {isa = PBXFileReference; lastKnownFileType = sourcecode.c.objc; path = main.m; sourceTree = "<group>"; };
		B6CA3BFE1740EFAD008691EF /* BFIOSDKExample-Prefix.pch */ = {isa = PBXFileReference; lastKnownFileType = sourcecode.c.h; path = "BFIOSDKExample-Prefix.pch"; sourceTree = "<group>"; };
		B6CA3BFF1740EFAD008691EF /* BFAppDelegate.h */ = {isa = PBXFileReference; lastKnownFileType = sourcecode.c.h; path = BFAppDelegate.h; sourceTree = "<group>"; };
		B6CA3C001740EFAD008691EF /* BFAppDelegate.m */ = {isa = PBXFileReference; lastKnownFileType = sourcecode.c.objc; path = BFAppDelegate.m; sourceTree = "<group>"; };
		B6CA3C021740EFAD008691EF /* Default.png */ = {isa = PBXFileReference; lastKnownFileType = image.png; path = Default.png; sourceTree = "<group>"; };
		B6CA3C041740EFAD008691EF /* Default@2x.png */ = {isa = PBXFileReference; lastKnownFileType = image.png; path = "Default@2x.png"; sourceTree = "<group>"; };
		B6CA3C061740EFAD008691EF /* Default-568h@2x.png */ = {isa = PBXFileReference; lastKnownFileType = image.png; path = "Default-568h@2x.png"; sourceTree = "<group>"; };
		B6CA3C091740EFAD008691EF /* en */ = {isa = PBXFileReference; lastKnownFileType = file.storyboard; name = en; path = en.lproj/MainStoryboard_iPhone.storyboard; sourceTree = "<group>"; };
		B6CA3C0C1740EFAD008691EF /* en */ = {isa = PBXFileReference; lastKnownFileType = file.storyboard; name = en; path = en.lproj/MainStoryboard_iPad.storyboard; sourceTree = "<group>"; };
		B6CA3C0E1740EFAD008691EF /* BFHomeViewController.h */ = {isa = PBXFileReference; lastKnownFileType = sourcecode.c.h; path = BFHomeViewController.h; sourceTree = "<group>"; };
		B6CA3C0F1740EFAD008691EF /* BFHomeViewController.m */ = {isa = PBXFileReference; lastKnownFileType = sourcecode.c.objc; path = BFHomeViewController.m; sourceTree = "<group>"; };
/* End PBXFileReference section */

/* Begin PBXFrameworksBuildPhase section */
		B6CA3BEA1740EFAD008691EF /* Frameworks */ = {
			isa = PBXFrameworksBuildPhase;
			buildActionMask = 2147483647;
			files = (
				B6BDCED2174197F6004A341E /* CoreGraphics.framework in Frameworks */,
				B6BDCEA61740F22D004A341E /* MediaPlayer.framework in Frameworks */,
				B6BDCEA41740F21D004A341E /* Foundation.framework in Frameworks */,
				B6BDCEA21740F216004A341E /* UIKit.framework in Frameworks */,
				B60E9E2C174C6BA400C72EF0 /* BFIOSDK.framework in Frameworks */,
			);
			runOnlyForDeploymentPostprocessing = 0;
		};
/* End PBXFrameworksBuildPhase section */

/* Begin PBXGroup section */
		B60E9E28174C6BA400C72EF0 /* BFIOSDK.embeddedframework */ = {
			isa = PBXGroup;
			children = (
				B60E9E29174C6BA400C72EF0 /* BFIOSDK.framework */,
				B60E9E2A174C6BA400C72EF0 /* Resources */,
			);
			name = BFIOSDK.embeddedframework;
			path = ../BFIOSDK.embeddedframework;
			sourceTree = "<group>";
		};
		B60E9E2A174C6BA400C72EF0 /* Resources */ = {
			isa = PBXGroup;
			children = (
				B60E9E2B174C6BA400C72EF0 /* BFIOSDK.bundle */,
			);
			path = Resources;
			sourceTree = "<group>";
		};
		B6CA3BE41740EFAD008691EF = {
			isa = PBXGroup;
			children = (
				B6CA3BF61740EFAD008691EF /* BFIOSDKExample */,
				B6CA3BEF1740EFAD008691EF /* Frameworks */,
				B6CA3BEE1740EFAD008691EF /* Products */,
			);
			sourceTree = "<group>";
		};
		B6CA3BEE1740EFAD008691EF /* Products */ = {
			isa = PBXGroup;
			children = (
				B6CA3BED1740EFAD008691EF /* BFIOSDKExample.app */,
			);
			name = Products;
			sourceTree = "<group>";
		};
		B6CA3BEF1740EFAD008691EF /* Frameworks */ = {
			isa = PBXGroup;
			children = (
				B60E9E28174C6BA400C72EF0 /* BFIOSDK.embeddedframework */,
				B6BDCED1174197F6004A341E /* CoreGraphics.framework */,
				B6BDCEA51740F22D004A341E /* MediaPlayer.framework */,
				B6BDCEA31740F21D004A341E /* Foundation.framework */,
				B6BDCEA11740F216004A341E /* UIKit.framework */,
			);
			name = Frameworks;
			sourceTree = "<group>";
		};
		B6CA3BF61740EFAD008691EF /* BFIOSDKExample */ = {
			isa = PBXGroup;
			children = (
				B6CA3BFF1740EFAD008691EF /* BFAppDelegate.h */,
				B6CA3C001740EFAD008691EF /* BFAppDelegate.m */,
				B6CA3C081740EFAD008691EF /* MainStoryboard_iPhone.storyboard */,
				B6CA3C0B1740EFAD008691EF /* MainStoryboard_iPad.storyboard */,
				B6CA3C0E1740EFAD008691EF /* BFHomeViewController.h */,
				B6CA3C0F1740EFAD008691EF /* BFHomeViewController.m */,
				B6CA3BF71740EFAD008691EF /* Supporting Files */,
			);
			path = BFIOSDKExample;
			sourceTree = "<group>";
		};
		B6CA3BF71740EFAD008691EF /* Supporting Files */ = {
			isa = PBXGroup;
			children = (
				B6CA3BF81740EFAD008691EF /* BFIOSDKExample-Info.plist */,
				B6CA3BF91740EFAD008691EF /* InfoPlist.strings */,
				B6CA3BFC1740EFAD008691EF /* main.m */,
				B6CA3BFE1740EFAD008691EF /* BFIOSDKExample-Prefix.pch */,
				B6CA3C021740EFAD008691EF /* Default.png */,
				B6CA3C041740EFAD008691EF /* Default@2x.png */,
				B6CA3C061740EFAD008691EF /* Default-568h@2x.png */,
			);
			name = "Supporting Files";
			sourceTree = "<group>";
		};
/* End PBXGroup section */

/* Begin PBXNativeTarget section */
		B6CA3BEC1740EFAD008691EF /* BFIOSDKExample */ = {
			isa = PBXNativeTarget;
			buildConfigurationList = B6CA3C131740EFAD008691EF /* Build configuration list for PBXNativeTarget "BFIOSDKExample" */;
			buildPhases = (
				B6CA3BE91740EFAD008691EF /* Sources */,
				B6CA3BEA1740EFAD008691EF /* Frameworks */,
				B6CA3BEB1740EFAD008691EF /* Resources */,
			);
			buildRules = (
			);
			dependencies = (
			);
			name = BFIOSDKExample;
			productName = BFIOSDKExample;
			productReference = B6CA3BED1740EFAD008691EF /* BFIOSDKExample.app */;
			productType = "com.apple.product-type.application";
		};
/* End PBXNativeTarget section */

/* Begin PBXProject section */
		B6CA3BE51740EFAD008691EF /* Project object */ = {
			isa = PBXProject;
			attributes = {
				CLASSPREFIX = BF;
				LastUpgradeCheck = 0460;
				ORGANIZATIONNAME = "Beachfront Media LLC";
			};
			buildConfigurationList = B6CA3BE81740EFAD008691EF /* Build configuration list for PBXProject "BFIOSDKExample" */;
			compatibilityVersion = "Xcode 3.2";
			developmentRegion = English;
			hasScannedForEncodings = 0;
			knownRegions = (
				en,
			);
			mainGroup = B6CA3BE41740EFAD008691EF;
			productRefGroup = B6CA3BEE1740EFAD008691EF /* Products */;
			projectDirPath = "";
			projectRoot = "";
			targets = (
				B6CA3BEC1740EFAD008691EF /* BFIOSDKExample */,
			);
		};
/* End PBXProject section */

/* Begin PBXResourcesBuildPhase section */
		B6CA3BEB1740EFAD008691EF /* Resources */ = {
			isa = PBXResourcesBuildPhase;
			buildActionMask = 2147483647;
			files = (
				B6CA3BFB1740EFAD008691EF /* InfoPlist.strings in Resources */,
				B6CA3C031740EFAD008691EF /* Default.png in Resources */,
				B6CA3C051740EFAD008691EF /* Default@2x.png in Resources */,
				B6CA3C071740EFAD008691EF /* Default-568h@2x.png in Resources */,
				B6CA3C0A1740EFAD008691EF /* MainStoryboard_iPhone.storyboard in Resources */,
				B6CA3C0D1740EFAD008691EF /* MainStoryboard_iPad.storyboard in Resources */,
				B60E9E2D174C6BA400C72EF0 /* BFIOSDK.bundle in Resources */,
			);
			runOnlyForDeploymentPostprocessing = 0;
		};
/* End PBXResourcesBuildPhase section */

/* Begin PBXSourcesBuildPhase section */
		B6CA3BE91740EFAD008691EF /* Sources */ = {
			isa = PBXSourcesBuildPhase;
			buildActionMask = 2147483647;
			files = (
				B6CA3BFD1740EFAD008691EF /* main.m in Sources */,
				B6CA3C011740EFAD008691EF /* BFAppDelegate.m in Sources */,
				B6CA3C101740EFAD008691EF /* BFHomeViewController.m in Sources */,
			);
			runOnlyForDeploymentPostprocessing = 0;
		};
/* End PBXSourcesBuildPhase section */

/* Begin PBXVariantGroup section */
		B6CA3BF91740EFAD008691EF /* InfoPlist.strings */ = {
			isa = PBXVariantGroup;
			children = (
				B6CA3BFA1740EFAD008691EF /* en */,
			);
			name = InfoPlist.strings;
			sourceTree = "<group>";
		};
		B6CA3C081740EFAD008691EF /* MainStoryboard_iPhone.storyboard */ = {
			isa = PBXVariantGroup;
			children = (
				B6CA3C091740EFAD008691EF /* en */,
			);
			name = MainStoryboard_iPhone.storyboard;
			sourceTree = "<group>";
		};
		B6CA3C0B1740EFAD008691EF /* MainStoryboard_iPad.storyboard */ = {
			isa = PBXVariantGroup;
			children = (
				B6CA3C0C1740EFAD008691EF /* en */,
			);
			name = MainStoryboard_iPad.storyboard;
			sourceTree = "<group>";
		};
/* End PBXVariantGroup section */

/* Begin XCBuildConfiguration section */
		B6CA3C111740EFAD008691EF /* Debug */ = {
			isa = XCBuildConfiguration;
			buildSettings = {
				ALWAYS_SEARCH_USER_PATHS = NO;
				CLANG_CXX_LANGUAGE_STANDARD = "gnu++0x";
				CLANG_CXX_LIBRARY = "libc++";
				CLANG_ENABLE_OBJC_ARC = YES;
				CLANG_WARN_CONSTANT_CONVERSION = YES;
				CLANG_WARN_EMPTY_BODY = YES;
				CLANG_WARN_ENUM_CONVERSION = YES;
				CLANG_WARN_INT_CONVERSION = YES;
				CLANG_WARN__DUPLICATE_METHOD_MATCH = YES;
				"CODE_SIGN_IDENTITY[sdk=iphoneos*]" = "iPhone Developer";
				COPY_PHASE_STRIP = NO;
				GCC_C_LANGUAGE_STANDARD = gnu99;
				GCC_DYNAMIC_NO_PIC = NO;
				GCC_OPTIMIZATION_LEVEL = 0;
				GCC_PREPROCESSOR_DEFINITIONS = (
					"DEBUG=1",
					"$(inherited)",
				);
				GCC_SYMBOLS_PRIVATE_EXTERN = NO;
				GCC_WARN_ABOUT_RETURN_TYPE = YES;
				GCC_WARN_UNINITIALIZED_AUTOS = YES;
				GCC_WARN_UNUSED_VARIABLE = YES;
				IPHONEOS_DEPLOYMENT_TARGET = 6.1;
				ONLY_ACTIVE_ARCH = YES;
				SDKROOT = iphoneos;
				TARGETED_DEVICE_FAMILY = "1,2";
			};
			name = Debug;
		};
		B6CA3C121740EFAD008691EF /* Release */ = {
			isa = XCBuildConfiguration;
			buildSettings = {
				ALWAYS_SEARCH_USER_PATHS = NO;
				CLANG_CXX_LANGUAGE_STANDARD = "gnu++0x";
				CLANG_CXX_LIBRARY = "libc++";
				CLANG_ENABLE_OBJC_ARC = YES;
				CLANG_WARN_CONSTANT_CONVERSION = YES;
				CLANG_WARN_EMPTY_BODY = YES;
				CLANG_WARN_ENUM_CONVERSION = YES;
				CLANG_WARN_INT_CONVERSION = YES;
				CLANG_WARN__DUPLICATE_METHOD_MATCH = YES;
				"CODE_SIGN_IDENTITY[sdk=iphoneos*]" = "iPhone Developer";
				COPY_PHASE_STRIP = YES;
				GCC_C_LANGUAGE_STANDARD = gnu99;
				GCC_WARN_ABOUT_RETURN_TYPE = YES;
				GCC_WARN_UNINITIALIZED_AUTOS = YES;
				GCC_WARN_UNUSED_VARIABLE = YES;
				IPHONEOS_DEPLOYMENT_TARGET = 6.1;
				OTHER_CFLAGS = "-DNS_BLOCK_ASSERTIONS=1";
				SDKROOT = iphoneos;
				TARGETED_DEVICE_FAMILY = "1,2";
				VALIDATE_PRODUCT = YES;
			};
			name = Release;
		};
		B6CA3C141740EFAD008691EF /* Debug */ = {
			isa = XCBuildConfiguration;
			buildSettings = {
				FRAMEWORK_SEARCH_PATHS = (
					"$(inherited)",
					"\"$(SRCROOT)/..\"",
					"\"$(SRCROOT)/../BFIOSDK.embeddedframework\"",
				);
				GCC_PRECOMPILE_PREFIX_HEADER = YES;
				GCC_PREFIX_HEADER = "BFIOSDKExample/BFIOSDKExample-Prefix.pch";
				INFOPLIST_FILE = "BFIOSDKExample/BFIOSDKExample-Info.plist";
				IPHONEOS_DEPLOYMENT_TARGET = 5.1;
				PRODUCT_NAME = "$(TARGET_NAME)";
				WRAPPER_EXTENSION = app;
			};
			name = Debug;
		};
		B6CA3C151740EFAD008691EF /* Release */ = {
			isa = XCBuildConfiguration;
			buildSettings = {
				FRAMEWORK_SEARCH_PATHS = (
					"$(inherited)",
					"\"$(SRCROOT)/..\"",
					"\"$(SRCROOT)/../BFIOSDK.embeddedframework\"",
				);
				GCC_PRECOMPILE_PREFIX_HEADER = YES;
				GCC_PREFIX_HEADER = "BFIOSDKExample/BFIOSDKExample-Prefix.pch";
				INFOPLIST_FILE = "BFIOSDKExample/BFIOSDKExample-Info.plist";
				IPHONEOS_DEPLOYMENT_TARGET = 5.1;
				PRODUCT_NAME = "$(TARGET_NAME)";
				WRAPPER_EXTENSION = app;
			};
			name = Release;
		};
/* End XCBuildConfiguration section */

/* Begin XCConfigurationList section */
		B6CA3BE81740EFAD008691EF /* Build configuration list for PBXProject "BFIOSDKExample" */ = {
			isa = XCConfigurationList;
			buildConfigurations = (
				B6CA3C111740EFAD008691EF /* Debug */,
				B6CA3C121740EFAD008691EF /* Release */,
			);
			defaultConfigurationIsVisible = 0;
			defaultConfigurationName = Release;
		};
		B6CA3C131740EFAD008691EF /* Build configuration list for PBXNativeTarget "BFIOSDKExample" */ = {
			isa = XCConfigurationList;
			buildConfigurations = (
				B6CA3C141740EFAD008691EF /* Debug */,
				B6CA3C151740EFAD008691EF /* Release */,
			);
			defaultConfigurationIsVisible = 0;
			defaultConfigurationName = Release;
		};
/* End XCConfigurationList section */
	};
	rootObject = B6CA3BE51740EFAD008691EF /* Project object */;
}
